// !$*UTF8*$!
{
	archiveVersion = 1;
	classes = {
	};
	objectVersion = 77;
	objects = {

/* Begin PBXBuildFile section */
		240694A52DAB6764001A8E6C /* FirebaseCore in Frameworks */ = {isa = PBXBuildFile; productRef = 240694A42DAB6764001A8E6C /* FirebaseCore */; };
		240694A72DAB6764001A8E6C /* FirebaseFirestore in Frameworks */ = {isa = PBXBuildFile; productRef = 240694A62DAB6764001A8E6C /* FirebaseFirestore */; };
		240694A92DAB6764001A8E6C /* FirebaseStorage in Frameworks */ = {isa = PBXBuildFile; productRef = 240694A82DAB6764001A8E6C /* FirebaseStorage */; };
		240694AB2DAB67B3001A8E6C /* FirebaseAnalytics in Frameworks */ = {isa = PBXBuildFile; productRef = 240694AA2DAB67B3001A8E6C /* FirebaseAnalytics */; };
/* End PBXBuildFile section */

/* Begin PBXContainerItemProxy section */
		2417667D2DA8AF6A007A742D /* PBXContainerItemProxy */ = {
			isa = PBXContainerItemProxy;
			containerPortal = 241766632DA8AF69007A742D /* Project object */;
			proxyType = 1;
			remoteGlobalIDString = 2417666A2DA8AF69007A742D;
			remoteInfo = ReTrack;
		};
		241766872DA8AF6A007A742D /* PBXContainerItemProxy */ = {
			isa = PBXContainerItemProxy;
			containerPortal = 241766632DA8AF69007A742D /* Project object */;
			proxyType = 1;
			remoteGlobalIDString = 2417666A2DA8AF69007A742D;
			remoteInfo = ReTrack;
		};
/* End PBXContainerItemProxy section */

/* Begin PBXFileReference section */
		2417666B2DA8AF69007A742D /* ReTrack.app */ = {isa = PBXFileReference; explicitFileType = wrapper.application; includeInIndex = 0; path = ReTrack.app; sourceTree = BUILT_PRODUCTS_DIR; };
		2417667C2DA8AF6A007A742D /* ReTrackTests.xctest */ = {isa = PBXFileReference; explicitFileType = wrapper.cfbundle; includeInIndex = 0; path = ReTrackTests.xctest; sourceTree = BUILT_PRODUCTS_DIR; };
		241766862DA8AF6A007A742D /* ReTrackUITests.xctest */ = {isa = PBXFileReference; explicitFileType = wrapper.cfbundle; includeInIndex = 0; path = ReTrackUITests.xctest; sourceTree = BUILT_PRODUCTS_DIR; };
/* End PBXFileReference section */

/* Begin PBXFileSystemSynchronizedBuildFileExceptionSet section */
		2402D02C2DAB8667008A08D0 /* Exceptions for "ReTrack" folder in "ReTrack" target */ = {
			isa = PBXFileSystemSynchronizedBuildFileExceptionSet;
			membershipExceptions = (
				Info.plist,
			);
			target = 2417666A2DA8AF69007A742D /* ReTrack */;
		};
/* End PBXFileSystemSynchronizedBuildFileExceptionSet section */

/* Begin PBXFileSystemSynchronizedRootGroup section */
		2417666D2DA8AF69007A742D /* ReTrack */ = {
			isa = PBXFileSystemSynchronizedRootGroup;
			exceptions = (
				2402D02C2DAB8667008A08D0 /* Exceptions for "ReTrack" folder in "ReTrack" target */,
			);
			path = ReTrack;
			sourceTree = "<group>";
		};
		2417667F2DA8AF6A007A742D /* ReTrackTests */ = {
			isa = PBXFileSystemSynchronizedRootGroup;
			path = ReTrackTests;
			sourceTree = "<group>";
		};
		241766892DA8AF6A007A742D /* ReTrackUITests */ = {
			isa = PBXFileSystemSynchronizedRootGroup;
			path = ReTrackUITests;
			sourceTree = "<group>";
		};
/* End PBXFileSystemSynchronizedRootGroup section */

/* Begin PBXFrameworksBuildPhase section */
		241766682DA8AF69007A742D /* Frameworks */ = {
			isa = PBXFrameworksBuildPhase;
			buildActionMask = 2147483647;
			files = (
				240694A52DAB6764001A8E6C /* FirebaseCore in Frameworks */,
				240694A72DAB6764001A8E6C /* FirebaseFirestore in Frameworks */,
				240694AB2DAB67B3001A8E6C /* FirebaseAnalytics in Frameworks */,
				240694A92DAB6764001A8E6C /* FirebaseStorage in Frameworks */,
			);
			runOnlyForDeploymentPostprocessing = 0;
		};
		241766792DA8AF6A007A742D /* Frameworks */ = {
			isa = PBXFrameworksBuildPhase;
			buildActionMask = 2147483647;
			files = (
			);
			runOnlyForDeploymentPostprocessing = 0;
		};
		241766832DA8AF6A007A742D /* Frameworks */ = {
			isa = PBXFrameworksBuildPhase;
			buildActionMask = 2147483647;
			files = (
			);
			runOnlyForDeploymentPostprocessing = 0;
		};
/* End PBXFrameworksBuildPhase section */

/* Begin PBXGroup section */
		241766622DA8AF69007A742D = {
			isa = PBXGroup;
			children = (
				2417666D2DA8AF69007A742D /* ReTrack */,
				2417667F2DA8AF6A007A742D /* ReTrackTests */,
				241766892DA8AF6A007A742D /* ReTrackUITests */,
				2417666C2DA8AF69007A742D /* Products */,
			);
			sourceTree = "<group>";
		};
		2417666C2DA8AF69007A742D /* Products */ = {
			isa = PBXGroup;
			children = (
				2417666B2DA8AF69007A742D /* ReTrack.app */,
				2417667C2DA8AF6A007A742D /* ReTrackTests.xctest */,
				241766862DA8AF6A007A742D /* ReTrackUITests.xctest */,
			);
			name = Products;
			sourceTree = "<group>";
		};
/* End PBXGroup section */

/* Begin PBXNativeTarget section */
		2417666A2DA8AF69007A742D /* ReTrack */ = {
			isa = PBXNativeTarget;
			buildConfigurationList = 241766902DA8AF6A007A742D /* Build configuration list for PBXNativeTarget "ReTrack" */;
			buildPhases = (
				241766672DA8AF69007A742D /* Sources */,
				241766682DA8AF69007A742D /* Frameworks */,
				241766692DA8AF69007A742D /* Resources */,
			);
			buildRules = (
			);
			dependencies = (
			);
			fileSystemSynchronizedGroups = (
				2417666D2DA8AF69007A742D /* ReTrack */,
			);
			name = ReTrack;
			productName = ReTrack;
			productReference = 2417666B2DA8AF69007A742D /* ReTrack.app */;
			productType = "com.apple.product-type.application";
		};
		2417667B2DA8AF6A007A742D /* ReTrackTests */ = {
			isa = PBXNativeTarget;
			buildConfigurationList = 241766932DA8AF6A007A742D /* Build configuration list for PBXNativeTarget "ReTrackTests" */;
			buildPhases = (
				241766782DA8AF6A007A742D /* Sources */,
				241766792DA8AF6A007A742D /* Frameworks */,
				2417667A2DA8AF6A007A742D /* Resources */,
			);
			buildRules = (
			);
			dependencies = (
				2417667E2DA8AF6A007A742D /* PBXTargetDependency */,
			);
			fileSystemSynchronizedGroups = (
				2417667F2DA8AF6A007A742D /* ReTrackTests */,
			);
			name = ReTrackTests;
			productName = ReTrackTests;
			productReference = 2417667C2DA8AF6A007A742D /* ReTrackTests.xctest */;
			productType = "com.apple.product-type.bundle.unit-test";
		};
		241766852DA8AF6A007A742D /* ReTrackUITests */ = {
			isa = PBXNativeTarget;
			buildConfigurationList = 241766962DA8AF6A007A742D /* Build configuration list for PBXNativeTarget "ReTrackUITests" */;
			buildPhases = (
				241766822DA8AF6A007A742D /* Sources */,
				241766832DA8AF6A007A742D /* Frameworks */,
				241766842DA8AF6A007A742D /* Resources */,
			);
			buildRules = (
			);
			dependencies = (
				241766882DA8AF6A007A742D /* PBXTargetDependency */,
			);
			fileSystemSynchronizedGroups = (
				241766892DA8AF6A007A742D /* ReTrackUITests */,
			);
			name = ReTrackUITests;
			productName = ReTrackUITests;
			productReference = 241766862DA8AF6A007A742D /* ReTrackUITests.xctest */;
			productType = "com.apple.product-type.bundle.ui-testing";
		};
/* End PBXNativeTarget section */

/* Begin PBXProject section */
		241766632DA8AF69007A742D /* Project object */ = {
			isa = PBXProject;
			attributes = {
				BuildIndependentTargetsInParallel = 1;
				LastSwiftUpdateCheck = 1620;
				LastUpgradeCheck = 1620;
				TargetAttributes = {
					2417666A2DA8AF69007A742D = {
						CreatedOnToolsVersion = 16.2;
					};
					2417667B2DA8AF6A007A742D = {
						CreatedOnToolsVersion = 16.2;
						TestTargetID = 2417666A2DA8AF69007A742D;
					};
					241766852DA8AF6A007A742D = {
						CreatedOnToolsVersion = 16.2;
						TestTargetID = 2417666A2DA8AF69007A742D;
					};
				};
			};
			buildConfigurationList = 241766662DA8AF69007A742D /* Build configuration list for PBXProject "ReTrack" */;
			developmentRegion = en;
			hasScannedForEncodings = 0;
			knownRegions = (
				en,
				Base,
			);
			mainGroup = 241766622DA8AF69007A742D;
			minimizedProjectReferenceProxies = 1;
			packageReferences = (
				240694A32DAB6764001A8E6C /* XCRemoteSwiftPackageReference "firebase-ios-sdk" */,
			);
			preferredProjectObjectVersion = 77;
			productRefGroup = 2417666C2DA8AF69007A742D /* Products */;
			projectDirPath = "";
			projectRoot = "";
			targets = (
				2417666A2DA8AF69007A742D /* ReTrack */,
				2417667B2DA8AF6A007A742D /* ReTrackTests */,
				241766852DA8AF6A007A742D /* ReTrackUITests */,
			);
		};
/* End PBXProject section */

/* Begin PBXResourcesBuildPhase section */
		241766692DA8AF69007A742D /* Resources */ = {
			isa = PBXResourcesBuildPhase;
			buildActionMask = 2147483647;
			files = (
			);
			runOnlyForDeploymentPostprocessing = 0;
		};
		2417667A2DA8AF6A007A742D /* Resources */ = {
			isa = PBXResourcesBuildPhase;
			buildActionMask = 2147483647;
			files = (
			);
			runOnlyForDeploymentPostprocessing = 0;
		};
		241766842DA8AF6A007A742D /* Resources */ = {
			isa = PBXResourcesBuildPhase;
			buildActionMask = 2147483647;
			files = (
			);
			runOnlyForDeploymentPostprocessing = 0;
		};
/* End PBXResourcesBuildPhase section */

/* Begin PBXSourcesBuildPhase section */
		241766672DA8AF69007A742D /* Sources */ = {
			isa = PBXSourcesBuildPhase;
			buildActionMask = 2147483647;
			files = (
			);
			runOnlyForDeploymentPostprocessing = 0;
		};
		241766782DA8AF6A007A742D /* Sources */ = {
			isa = PBXSourcesBuildPhase;
			buildActionMask = 2147483647;
			files = (
			);
			runOnlyForDeploymentPostprocessing = 0;
		};
		241766822DA8AF6A007A742D /* Sources */ = {
			isa = PBXSourcesBuildPhase;
			buildActionMask = 2147483647;
			files = (
			);
			runOnlyForDeploymentPostprocessing = 0;
		};
/* End PBXSourcesBuildPhase section */

/* Begin PBXTargetDependency section */
		2417667E2DA8AF6A007A742D /* PBXTargetDependency */ = {
			isa = PBXTargetDependency;
			target = 2417666A2DA8AF69007A742D /* ReTrack */;
			targetProxy = 2417667D2DA8AF6A007A742D /* PBXContainerItemProxy */;
		};
		241766882DA8AF6A007A742D /* PBXTargetDependency */ = {
			isa = PBXTargetDependency;
			target = 2417666A2DA8AF69007A742D /* ReTrack */;
			targetProxy = 241766872DA8AF6A007A742D /* PBXContainerItemProxy */;
		};
/* End PBXTargetDependency section */

/* Begin XCBuildConfiguration section */
		2417668E2DA8AF6A007A742D /* Debug */ = {
			isa = XCBuildConfiguration;
			buildSettings = {
				ALWAYS_SEARCH_USER_PATHS = NO;
				ASSETCATALOG_COMPILER_GENERATE_SWIFT_ASSET_SYMBOL_EXTENSIONS = YES;
				CLANG_ANALYZER_NONNULL = YES;
				CLANG_ANALYZER_NUMBER_OBJECT_CONVERSION = YES_AGGRESSIVE;
				CLANG_CXX_LANGUAGE_STANDARD = "gnu++20";
				CLANG_ENABLE_MODULES = YES;
				CLANG_ENABLE_OBJC_ARC = YES;
				CLANG_ENABLE_OBJC_WEAK = YES;
				CLANG_WARN_BLOCK_CAPTURE_AUTORELEASING = YES;
				CLANG_WARN_BOOL_CONVERSION = YES;
				CLANG_WARN_COMMA = YES;
				CLANG_WARN_CONSTANT_CONVERSION = YES;
				CLANG_WARN_DEPRECATED_OBJC_IMPLEMENTATIONS = YES;
				CLANG_WARN_DIRECT_OBJC_ISA_USAGE = YES_ERROR;
				CLANG_WARN_DOCUMENTATION_COMMENTS = YES;
				CLANG_WARN_EMPTY_BODY = YES;
				CLANG_WARN_ENUM_CONVERSION = YES;
				CLANG_WARN_INFINITE_RECURSION = YES;
				CLANG_WARN_INT_CONVERSION = YES;
				CLANG_WARN_NON_LITERAL_NULL_CONVERSION = YES;
				CLANG_WARN_OBJC_IMPLICIT_RETAIN_SELF = YES;
				CLANG_WARN_OBJC_LITERAL_CONVERSION = YES;
				CLANG_WARN_OBJC_ROOT_CLASS = YES_ERROR;
				CLANG_WARN_QUOTED_INCLUDE_IN_FRAMEWORK_HEADER = YES;
				CLANG_WARN_RANGE_LOOP_ANALYSIS = YES;
				CLANG_WARN_STRICT_PROTOTYPES = YES;
				CLANG_WARN_SUSPICIOUS_MOVE = YES;
				CLANG_WARN_UNGUARDED_AVAILABILITY = YES_AGGRESSIVE;
				CLANG_WARN_UNREACHABLE_CODE = YES;
				CLANG_WARN__DUPLICATE_METHOD_MATCH = YES;
				COPY_PHASE_STRIP = NO;
				DEBUG_INFORMATION_FORMAT = dwarf;
				ENABLE_STRICT_OBJC_MSGSEND = YES;
				ENABLE_TESTABILITY = YES;
				ENABLE_USER_SCRIPT_SANDBOXING = YES;
				GCC_C_LANGUAGE_STANDARD = gnu17;
				GCC_DYNAMIC_NO_PIC = NO;
				GCC_NO_COMMON_BLOCKS = YES;
				GCC_OPTIMIZATION_LEVEL = 0;
				GCC_PREPROCESSOR_DEFINITIONS = (
					"DEBUG=1",
					"$(inherited)",
				);
				GCC_WARN_64_TO_32_BIT_CONVERSION = YES;
				GCC_WARN_ABOUT_RETURN_TYPE = YES_ERROR;
				GCC_WARN_UNDECLARED_SELECTOR = YES;
				GCC_WARN_UNINITIALIZED_AUTOS = YES_AGGRESSIVE;
				GCC_WARN_UNUSED_FUNCTION = YES;
				GCC_WARN_UNUSED_VARIABLE = YES;
				LOCALIZATION_PREFERS_STRING_CATALOGS = YES;
				MTL_ENABLE_DEBUG_INFO = INCLUDE_SOURCE;
				MTL_FAST_MATH = YES;
				ONLY_ACTIVE_ARCH = YES;
				SWIFT_ACTIVE_COMPILATION_CONDITIONS = "DEBUG $(inherited)";
				SWIFT_OPTIMIZATION_LEVEL = "-Onone";
			};
			name = Debug;
		};
		2417668F2DA8AF6A007A742D /* Release */ = {
			isa = XCBuildConfiguration;
			buildSettings = {
				ALWAYS_SEARCH_USER_PATHS = NO;
				ASSETCATALOG_COMPILER_GENERATE_SWIFT_ASSET_SYMBOL_EXTENSIONS = YES;
				CLANG_ANALYZER_NONNULL = YES;
				CLANG_ANALYZER_NUMBER_OBJECT_CONVERSION = YES_AGGRESSIVE;
				CLANG_CXX_LANGUAGE_STANDARD = "gnu++20";
				CLANG_ENABLE_MODULES = YES;
				CLANG_ENABLE_OBJC_ARC = YES;
				CLANG_ENABLE_OBJC_WEAK = YES;
				CLANG_WARN_BLOCK_CAPTURE_AUTORELEASING = YES;
				CLANG_WARN_BOOL_CONVERSION = YES;
				CLANG_WARN_COMMA = YES;
				CLANG_WARN_CONSTANT_CONVERSION = YES;
				CLANG_WARN_DEPRECATED_OBJC_IMPLEMENTATIONS = YES;
				CLANG_WARN_DIRECT_OBJC_ISA_USAGE = YES_ERROR;
				CLANG_WARN_DOCUMENTATION_COMMENTS = YES;
				CLANG_WARN_EMPTY_BODY = YES;
				CLANG_WARN_ENUM_CONVERSION = YES;
				CLANG_WARN_INFINITE_RECURSION = YES;
				CLANG_WARN_INT_CONVERSION = YES;
				CLANG_WARN_NON_LITERAL_NULL_CONVERSION = YES;
				CLANG_WARN_OBJC_IMPLICIT_RETAIN_SELF = YES;
				CLANG_WARN_OBJC_LITERAL_CONVERSION = YES;
				CLANG_WARN_OBJC_ROOT_CLASS = YES_ERROR;
				CLANG_WARN_QUOTED_INCLUDE_IN_FRAMEWORK_HEADER = YES;
				CLANG_WARN_RANGE_LOOP_ANALYSIS = YES;
				CLANG_WARN_STRICT_PROTOTYPES = YES;
				CLANG_WARN_SUSPICIOUS_MOVE = YES;
				CLANG_WARN_UNGUARDED_AVAILABILITY = YES_AGGRESSIVE;
				CLANG_WARN_UNREACHABLE_CODE = YES;
				CLANG_WARN__DUPLICATE_METHOD_MATCH = YES;
				COPY_PHASE_STRIP = NO;
				DEBUG_INFORMATION_FORMAT = "dwarf-with-dsym";
				ENABLE_NS_ASSERTIONS = NO;
				ENABLE_STRICT_OBJC_MSGSEND = YES;
				ENABLE_USER_SCRIPT_SANDBOXING = YES;
				GCC_C_LANGUAGE_STANDARD = gnu17;
				GCC_NO_COMMON_BLOCKS = YES;
				GCC_WARN_64_TO_32_BIT_CONVERSION = YES;
				GCC_WARN_ABOUT_RETURN_TYPE = YES_ERROR;
				GCC_WARN_UNDECLARED_SELECTOR = YES;
				GCC_WARN_UNINITIALIZED_AUTOS = YES_AGGRESSIVE;
				GCC_WARN_UNUSED_FUNCTION = YES;
				GCC_WARN_UNUSED_VARIABLE = YES;
				LOCALIZATION_PREFERS_STRING_CATALOGS = YES;
				MTL_ENABLE_DEBUG_INFO = NO;
				MTL_FAST_MATH = YES;
				SWIFT_COMPILATION_MODE = wholemodule;
			};
			name = Release;
		};
		241766912DA8AF6A007A742D /* Debug */ = {
			isa = XCBuildConfiguration;
			buildSettings = {
				ASSETCATALOG_COMPILER_APPICON_NAME = AppIcon;
				ASSETCATALOG_COMPILER_GLOBAL_ACCENT_COLOR_NAME = AccentColor;
				CODE_SIGN_ENTITLEMENTS = ReTrack/ReTrack.entitlements;
				CODE_SIGN_STYLE = Automatic;
				CURRENT_PROJECT_VERSION = 1;
				DEVELOPMENT_ASSET_PATHS = "\"ReTrack/Preview Content\"";
				ENABLE_PREVIEWS = YES;
				GENERATE_INFOPLIST_FILE = YES;
				INFOPLIST_FILE = ReTrack/Info.plist;
				INFOPLIST_KEY_LSApplicationCategoryType = "\"\"";
				"INFOPLIST_KEY_UIApplicationSceneManifest_Generation[sdk=iphoneos*]" = YES;
				"INFOPLIST_KEY_UIApplicationSceneManifest_Generation[sdk=iphonesimulator*]" = YES;
				"INFOPLIST_KEY_UIApplicationSupportsIndirectInputEvents[sdk=iphoneos*]" = YES;
				"INFOPLIST_KEY_UIApplicationSupportsIndirectInputEvents[sdk=iphonesimulator*]" = YES;
				"INFOPLIST_KEY_UILaunchScreen_Generation[sdk=iphoneos*]" = YES;
				"INFOPLIST_KEY_UILaunchScreen_Generation[sdk=iphonesimulator*]" = YES;
				"INFOPLIST_KEY_UIStatusBarStyle[sdk=iphoneos*]" = UIStatusBarStyleDefault;
				"INFOPLIST_KEY_UIStatusBarStyle[sdk=iphonesimulator*]" = UIStatusBarStyleDefault;
				INFOPLIST_KEY_UISupportedInterfaceOrientations_iPad = "UIInterfaceOrientationPortrait UIInterfaceOrientationPortraitUpsideDown UIInterfaceOrientationLandscapeLeft UIInterfaceOrientationLandscapeRight";
				INFOPLIST_KEY_UISupportedInterfaceOrientations_iPhone = "UIInterfaceOrientationPortrait UIInterfaceOrientationLandscapeLeft UIInterfaceOrientationLandscapeRight";
				IPHONEOS_DEPLOYMENT_TARGET = 18.2;
				LD_RUNPATH_SEARCH_PATHS = "@executable_path/Frameworks";
				"LD_RUNPATH_SEARCH_PATHS[sdk=macosx*]" = "@executable_path/../Frameworks";
				MACOSX_DEPLOYMENT_TARGET = 15.2;
				MARKETING_VERSION = 1.0;
				PRODUCT_BUNDLE_IDENTIFIER = com.nanbob.ReTrack;
				PRODUCT_NAME = "$(TARGET_NAME)";
				SDKROOT = auto;
				SUPPORTED_PLATFORMS = "iphoneos iphonesimulator macosx xros xrsimulator";
				SWIFT_EMIT_LOC_STRINGS = YES;
				SWIFT_VERSION = 5.0;
				TARGETED_DEVICE_FAMILY = "1,2,7";
				XROS_DEPLOYMENT_TARGET = 2.2;
			};
			name = Debug;
		};
		241766922DA8AF6A007A742D /* Release */ = {
			isa = XCBuildConfiguration;
			buildSettings = {
				ASSETCATALOG_COMPILER_APPICON_NAME = AppIcon;
				ASSETCATALOG_COMPILER_GLOBAL_ACCENT_COLOR_NAME = AccentColor;
				CODE_SIGN_ENTITLEMENTS = ReTrack/ReTrack.entitlements;
				CODE_SIGN_STYLE = Automatic;
				CURRENT_PROJECT_VERSION = 1;
				DEVELOPMENT_ASSET_PATHS = "\"ReTrack/Preview Content\"";
				ENABLE_PREVIEWS = YES;
				GENERATE_INFOPLIST_FILE = YES;
				INFOPLIST_FILE = ReTrack/Info.plist;
				INFOPLIST_KEY_LSApplicationCategoryType = "\"\"";
				"INFOPLIST_KEY_UIApplicationSceneManifest_Generation[sdk=iphoneos*]" = YES;
				"INFOPLIST_KEY_UIApplicationSceneManifest_Generation[sdk=iphonesimulator*]" = YES;
				"INFOPLIST_KEY_UIApplicationSupportsIndirectInputEvents[sdk=iphoneos*]" = YES;
				"INFOPLIST_KEY_UIApplicationSupportsIndirectInputEvents[sdk=iphonesimulator*]" = YES;
				"INFOPLIST_KEY_UILaunchScreen_Generation[sdk=iphoneos*]" = YES;
				"INFOPLIST_KEY_UILaunchScreen_Generation[sdk=iphonesimulator*]" = YES;
				"INFOPLIST_KEY_UIStatusBarStyle[sdk=iphoneos*]" = UIStatusBarStyleDefault;
				"INFOPLIST_KEY_UIStatusBarStyle[sdk=iphonesimulator*]" = UIStatusBarStyleDefault;
				INFOPLIST_KEY_UISupportedInterfaceOrientations_iPad = "UIInterfaceOrientationPortrait UIInterfaceOrientationPortraitUpsideDown UIInterfaceOrientationLandscapeLeft UIInterfaceOrientationLandscapeRight";
				INFOPLIST_KEY_UISupportedInterfaceOrientations_iPhone = "UIInterfaceOrientationPortrait UIInterfaceOrientationLandscapeLeft UIInterfaceOrientationLandscapeRight";
				IPHONEOS_DEPLOYMENT_TARGET = 18.2;
				LD_RUNPATH_SEARCH_PATHS = "@executable_path/Frameworks";
				"LD_RUNPATH_SEARCH_PATHS[sdk=macosx*]" = "@executable_path/../Frameworks";
				MACOSX_DEPLOYMENT_TARGET = 15.2;
				MARKETING_VERSION = 1.0;
				PRODUCT_BUNDLE_IDENTIFIER = com.nanbob.ReTrack;
				PRODUCT_NAME = "$(TARGET_NAME)";
				SDKROOT = auto;
				SUPPORTED_PLATFORMS = "iphoneos iphonesimulator macosx xros xrsimulator";
				SWIFT_EMIT_LOC_STRINGS = YES;
				SWIFT_VERSION = 5.0;
				TARGETED_DEVICE_FAMILY = "1,2,7";
				XROS_DEPLOYMENT_TARGET = 2.2;
			};
			name = Release;
		};
		241766942DA8AF6A007A742D /* Debug */ = {
			isa = XCBuildConfiguration;
			buildSettings = {
				BUNDLE_LOADER = "$(TEST_HOST)";
				CODE_SIGN_STYLE = Automatic;
				CURRENT_PROJECT_VERSION = 1;
				GENERATE_INFOPLIST_FILE = YES;
				IPHONEOS_DEPLOYMENT_TARGET = 18.2;
				MACOSX_DEPLOYMENT_TARGET = 15.2;
				MARKETING_VERSION = 1.0;
				PRODUCT_BUNDLE_IDENTIFIER = com.nanbob.ReTrackTests;
				PRODUCT_NAME = "$(TARGET_NAME)";
				SDKROOT = auto;
				SUPPORTED_PLATFORMS = "iphoneos iphonesimulator macosx xros xrsimulator";
				SWIFT_EMIT_LOC_STRINGS = NO;
				SWIFT_VERSION = 5.0;
				TARGETED_DEVICE_FAMILY = "1,2,7";
				TEST_HOST = "$(BUILT_PRODUCTS_DIR)/ReTrack.app/$(BUNDLE_EXECUTABLE_FOLDER_PATH)/ReTrack";
				XROS_DEPLOYMENT_TARGET = 2.2;
			};
			name = Debug;
		};
		241766952DA8AF6A007A742D /* Release */ = {
			isa = XCBuildConfiguration;
			buildSettings = {
				BUNDLE_LOADER = "$(TEST_HOST)";
				CODE_SIGN_STYLE = Automatic;
				CURRENT_PROJECT_VERSION = 1;
				GENERATE_INFOPLIST_FILE = YES;
				IPHONEOS_DEPLOYMENT_TARGET = 18.2;
				MACOSX_DEPLOYMENT_TARGET = 15.2;
				MARKETING_VERSION = 1.0;
				PRODUCT_BUNDLE_IDENTIFIER = com.nanbob.ReTrackTests;
				PRODUCT_NAME = "$(TARGET_NAME)";
				SDKROOT = auto;
				SUPPORTED_PLATFORMS = "iphoneos iphonesimulator macosx xros xrsimulator";
				SWIFT_EMIT_LOC_STRINGS = NO;
				SWIFT_VERSION = 5.0;
				TARGETED_DEVICE_FAMILY = "1,2,7";
				TEST_HOST = "$(BUILT_PRODUCTS_DIR)/ReTrack.app/$(BUNDLE_EXECUTABLE_FOLDER_PATH)/ReTrack";
				XROS_DEPLOYMENT_TARGET = 2.2;
			};
			name = Release;
		};
		241766972DA8AF6A007A742D /* Debug */ = {
			isa = XCBuildConfiguration;
			buildSettings = {
				CODE_SIGN_STYLE = Automatic;
				CURRENT_PROJECT_VERSION = 1;
				GENERATE_INFOPLIST_FILE = YES;
				IPHONEOS_DEPLOYMENT_TARGET = 18.2;
				MACOSX_DEPLOYMENT_TARGET = 15.2;
				MARKETING_VERSION = 1.0;
				PRODUCT_BUNDLE_IDENTIFIER = com.nanbob.ReTrackUITests;
				PRODUCT_NAME = "$(TARGET_NAME)";
				SDKROOT = auto;
				SUPPORTED_PLATFORMS = "iphoneos iphonesimulator";
				SUPPORTS_MACCATALYST = NO;
				SWIFT_EMIT_LOC_STRINGS = NO;
				SWIFT_VERSION = 5.0;
				TARGETED_DEVICE_FAMILY = 1;
				TEST_TARGET_NAME = ReTrack;
				XROS_DEPLOYMENT_TARGET = 2.2;
			};
			name = Debug;
		};
		241766982DA8AF6A007A742D /* Release */ = {
			isa = XCBuildConfiguration;
			buildSettings = {
				CODE_SIGN_STYLE = Automatic;
				CURRENT_PROJECT_VERSION = 1;
				GENERATE_INFOPLIST_FILE = YES;
				IPHONEOS_DEPLOYMENT_TARGET = 18.2;
				MACOSX_DEPLOYMENT_TARGET = 15.2;
				MARKETING_VERSION = 1.0;
				PRODUCT_BUNDLE_IDENTIFIER = com.nanbob.ReTrackUITests;
				PRODUCT_NAME = "$(TARGET_NAME)";
				SDKROOT = auto;
				SUPPORTED_PLATFORMS = "iphoneos iphonesimulator";
				SUPPORTS_MACCATALYST = NO;
				SWIFT_EMIT_LOC_STRINGS = NO;
				SWIFT_VERSION = 5.0;
				TARGETED_DEVICE_FAMILY = 1;
				TEST_TARGET_NAME = ReTrack;
				XROS_DEPLOYMENT_TARGET = 2.2;
			};
			name = Release;
		};
/* End XCBuildConfiguration section */

/* Begin XCConfigurationList section */
		241766662DA8AF69007A742D /* Build configuration list for PBXProject "ReTrack" */ = {
			isa = XCConfigurationList;
			buildConfigurations = (
				2417668E2DA8AF6A007A742D /* Debug */,
				2417668F2DA8AF6A007A742D /* Release */,
			);
			defaultConfigurationIsVisible = 0;
			defaultConfigurationName = Release;
		};
		241766902DA8AF6A007A742D /* Build configuration list for PBXNativeTarget "ReTrack" */ = {
			isa = XCConfigurationList;
			buildConfigurations = (
				241766912DA8AF6A007A742D /* Debug */,
				241766922DA8AF6A007A742D /* Release */,
			);
			defaultConfigurationIsVisible = 0;
			defaultConfigurationName = Release;
		};
		241766932DA8AF6A007A742D /* Build configuration list for PBXNativeTarget "ReTrackTests" */ = {
			isa = XCConfigurationList;
			buildConfigurations = (
				241766942DA8AF6A007A742D /* Debug */,
				241766952DA8AF6A007A742D /* Release */,
			);
			defaultConfigurationIsVisible = 0;
			defaultConfigurationName = Release;
		};
		241766962DA8AF6A007A742D /* Build configuration list for PBXNativeTarget "ReTrackUITests" */ = {
			isa = XCConfigurationList;
			buildConfigurations = (
				241766972DA8AF6A007A742D /* Debug */,
				241766982DA8AF6A007A742D /* Release */,
			);
			defaultConfigurationIsVisible = 0;
			defaultConfigurationName = Release;
		};
/* End XCConfigurationList section */

/* Begin XCRemoteSwiftPackageReference section */
		240694A32DAB6764001A8E6C /* XCRemoteSwiftPackageReference "firebase-ios-sdk" */ = {
			isa = XCRemoteSwiftPackageReference;
			repositoryURL = "https://github.com/firebase/firebase-ios-sdk";
			requirement = {
				kind = upToNextMajorVersion;
				minimumVersion = 11.11.0;
			};
		};
/* End XCRemoteSwiftPackageReference section */

/* Begin XCSwiftPackageProductDependency section */
		240694A42DAB6764001A8E6C /* FirebaseCore */ = {
			isa = XCSwiftPackageProductDependency;
			package = 240694A32DAB6764001A8E6C /* XCRemoteSwiftPackageReference "firebase-ios-sdk" */;
			productName = FirebaseCore;
		};
		240694A62DAB6764001A8E6C /* FirebaseFirestore */ = {
			isa = XCSwiftPackageProductDependency;
			package = 240694A32DAB6764001A8E6C /* XCRemoteSwiftPackageReference "firebase-ios-sdk" */;
			productName = FirebaseFirestore;
		};
		240694A82DAB6764001A8E6C /* FirebaseStorage */ = {
			isa = XCSwiftPackageProductDependency;
			package = 240694A32DAB6764001A8E6C /* XCRemoteSwiftPackageReference "firebase-ios-sdk" */;
			productName = FirebaseStorage;
		};
		240694AA2DAB67B3001A8E6C /* FirebaseAnalytics */ = {
			isa = XCSwiftPackageProductDependency;
			package = 240694A32DAB6764001A8E6C /* XCRemoteSwiftPackageReference "firebase-ios-sdk" */;
			productName = FirebaseAnalytics;
		};
/* End XCSwiftPackageProductDependency section */
	};
	rootObject = 241766632DA8AF69007A742D /* Project object */;
}
